# This file is autogenerated, do not edit; changes may be undone by the next 'dep ensure'.


[[projects]]
  name = "github.com/briandowns/openweathermap"
  packages = ["."]
  revision = "64ca52ee34ca6bb5fe925fe1d88172429536bbca"
  version = "0.9"

[solve-meta]
  analyzer-name = "dep"
  analyzer-version = 1
  inputs-digest = "bbb9d37adfa13216bddcab669abde8dedddcad73c26f08db26cf6599c5125963"
  solver-name = "gps-cdcl"
  solver-version = 1
